
Microsoft Visual Studio Solution File, Format Version 10.00
# Visual Studio 2008
Project("{FAE04EC0-301F-11D3-BF4B-00C04F79EFBC}") = "KinectOpenNIMono", "KinectOpenNIMono\KinectOpenNIMono.csproj", "{39B483A9-33AB-4439-A809-7A22A39F5E32}"
EndProject
Global
	GlobalSection(SolutionConfigurationPlatforms) = preSolution
		Debug|x86 = Debug|x86
		Release|x86 = Release|x86
	EndGlobalSection
	GlobalSection(ProjectConfigurationPlatforms) = postSolution
		{39B483A9-33AB-4439-A809-7A22A39F5E32}.Debug|x86.ActiveCfg = Debug|x86
		{39B483A9-33AB-4439-A809-7A22A39F5E32}.Debug|x86.Build.0 = Debug|x86
		{39B483A9-33AB-4439-A809-7A22A39F5E32}.Release|x86.ActiveCfg = Release|x86
		{39B483A9-33AB-4439-A809-7A22A39F5E32}.Release|x86.Build.0 = Release|x86
	EndGlobalSection
	GlobalSection(MonoDevelopProperties) = preSolution
		StartupItem = KinectOpenNIMono\KinectOpenNIMono.csproj
	EndGlobalSection
EndGlobal
